
Microsoft Visual Studio Solution File, Format Version 12.00
# Visual Studio Version 17
VisualStudioVersion = 17.0.31903.59
MinimumVisualStudioVersion = 10.0.40219.1
Project("{2150E333-8FDC-42A3-9474-1A3956D46DE8}") = "backend", "backend", "{1AE8ACA6-933B-BF2A-3671-3E2EAC007D16}"
EndProject
Project("{FAE04EC0-301F-11D3-BF4B-00C04F79EFBC}") = "GameBook.Api", "backend\GameBook.Api\GameBook.Api.csproj", "{7697E051-A12D-4706-B1F7-2AE396033FCC}"
EndProject
Project("{FAE04EC0-301F-11D3-BF4B-00C04F79EFBC}") = "GameBook.Core", "backend\GameBook.Core\GameBook.Core.csproj", "{891CEBDD-1683-4573-A0FE-3E3BD57D3B6C}"
EndProject
Project("{FAE04EC0-301F-11D3-BF4B-00C04F79EFBC}") = "GameBook.Data", "backend\GameBook.Data\GameBook.Data.csproj", "{DC853913-1269-45CF-B9EC-B33B9E759727}"
EndProject
Project("{FAE04EC0-301F-11D3-BF4B-00C04F79EFBC}") = "GameBook.Tests", "backend\GameBook.Tests\GameBook.Tests.csproj", "{8EBF9400-36D3-40AD-A93D-B8F2C3FE743D}"
EndProject
Global
	GlobalSection(SolutionConfigurationPlatforms) = preSolution
		Debug|Any CPU = Debug|Any CPU
		Debug|x64 = Debug|x64
		Debug|x86 = Debug|x86
		Release|Any CPU = Release|Any CPU
		Release|x64 = Release|x64
		Release|x86 = Release|x86
	EndGlobalSection
	GlobalSection(ProjectConfigurationPlatforms) = postSolution
		{7697E051-A12D-4706-B1F7-2AE396033FCC}.Debug|Any CPU.ActiveCfg = Debug|Any CPU
		{7697E051-A12D-4706-B1F7-2AE396033FCC}.Debug|Any CPU.Build.0 = Debug|Any CPU
		{7697E051-A12D-4706-B1F7-2AE396033FCC}.Debug|x64.ActiveCfg = Debug|Any CPU
		{7697E051-A12D-4706-B1F7-2AE396033FCC}.Debug|x64.Build.0 = Debug|Any CPU
		{7697E051-A12D-4706-B1F7-2AE396033FCC}.Debug|x86.ActiveCfg = Debug|Any CPU
		{7697E051-A12D-4706-B1F7-2AE396033FCC}.Debug|x86.Build.0 = Debug|Any CPU
		{7697E051-A12D-4706-B1F7-2AE396033FCC}.Release|Any CPU.ActiveCfg = Release|Any CPU
		{7697E051-A12D-4706-B1F7-2AE396033FCC}.Release|Any CPU.Build.0 = Release|Any CPU
		{7697E051-A12D-4706-B1F7-2AE396033FCC}.Release|x64.ActiveCfg = Release|Any CPU
		{7697E051-A12D-4706-B1F7-2AE396033FCC}.Release|x64.Build.0 = Release|Any CPU
		{7697E051-A12D-4706-B1F7-2AE396033FCC}.Release|x86.ActiveCfg = Release|Any CPU
		{7697E051-A12D-4706-B1F7-2AE396033FCC}.Release|x86.Build.0 = Release|Any CPU
		{891CEBDD-1683-4573-A0FE-3E3BD57D3B6C}.Debug|Any CPU.ActiveCfg = Debug|Any CPU
		{891CEBDD-1683-4573-A0FE-3E3BD57D3B6C}.Debug|Any CPU.Build.0 = Debug|Any CPU
		{891CEBDD-1683-4573-A0FE-3E3BD57D3B6C}.Debug|x64.ActiveCfg = Debug|Any CPU
		{891CEBDD-1683-4573-A0FE-3E3BD57D3B6C}.Debug|x64.Build.0 = Debug|Any CPU
		{891CEBDD-1683-4573-A0FE-3E3BD57D3B6C}.Debug|x86.ActiveCfg = Debug|Any CPU
		{891CEBDD-1683-4573-A0FE-3E3BD57D3B6C}.Debug|x86.Build.0 = Debug|Any CPU
		{891CEBDD-1683-4573-A0FE-3E3BD57D3B6C}.Release|Any CPU.ActiveCfg = Release|Any CPU
		{891CEBDD-1683-4573-A0FE-3E3BD57D3B6C}.Release|Any CPU.Build.0 = Release|Any CPU
		{891CEBDD-1683-4573-A0FE-3E3BD57D3B6C}.Release|x64.ActiveCfg = Release|Any CPU
		{891CEBDD-1683-4573-A0FE-3E3BD57D3B6C}.Release|x64.Build.0 = Release|Any CPU
		{891CEBDD-1683-4573-A0FE-3E3BD57D3B6C}.Release|x86.ActiveCfg = Release|Any CPU
		{891CEBDD-1683-4573-A0FE-3E3BD57D3B6C}.Release|x86.Build.0 = Release|Any CPU
		{DC853913-1269-45CF-B9EC-B33B9E759727}.Debug|Any CPU.ActiveCfg = Debug|Any CPU
		{DC853913-1269-45CF-B9EC-B33B9E759727}.Debug|Any CPU.Build.0 = Debug|Any CPU
		{DC853913-1269-45CF-B9EC-B33B9E759727}.Debug|x64.ActiveCfg = Debug|Any CPU
		{DC853913-1269-45CF-B9EC-B33B9E759727}.Debug|x64.Build.0 = Debug|Any CPU
		{DC853913-1269-45CF-B9EC-B33B9E759727}.Debug|x86.ActiveCfg = Debug|Any CPU
		{DC853913-1269-45CF-B9EC-B33B9E759727}.Debug|x86.Build.0 = Debug|Any CPU
		{DC853913-1269-45CF-B9EC-B33B9E759727}.Release|Any CPU.ActiveCfg = Release|Any CPU
		{DC853913-1269-45CF-B9EC-B33B9E759727}.Release|Any CPU.Build.0 = Release|Any CPU
		{DC853913-1269-45CF-B9EC-B33B9E759727}.Release|x64.ActiveCfg = Release|Any CPU
		{DC853913-1269-45CF-B9EC-B33B9E759727}.Release|x64.Build.0 = Release|Any CPU
		{DC853913-1269-45CF-B9EC-B33B9E759727}.Release|x86.ActiveCfg = Release|Any CPU
		{DC853913-1269-45CF-B9EC-B33B9E759727}.Release|x86.Build.0 = Release|Any CPU
		{8EBF9400-36D3-40AD-A93D-B8F2C3FE743D}.Debug|Any CPU.ActiveCfg = Debug|Any CPU
		{8EBF9400-36D3-40AD-A93D-B8F2C3FE743D}.Debug|Any CPU.Build.0 = Debug|Any CPU
		{8EBF9400-36D3-40AD-A93D-B8F2C3FE743D}.Debug|x64.ActiveCfg = Debug|Any CPU
		{8EBF9400-36D3-40AD-A93D-B8F2C3FE743D}.Debug|x64.Build.0 = Debug|Any CPU
		{8EBF9400-36D3-40AD-A93D-B8F2C3FE743D}.Debug|x86.ActiveCfg = Debug|Any CPU
		{8EBF9400-36D3-40AD-A93D-B8F2C3FE743D}.Debug|x86.Build.0 = Debug|Any CPU
		{8EBF9400-36D3-40AD-A93D-B8F2C3FE743D}.Release|Any CPU.ActiveCfg = Release|Any CPU
		{8EBF9400-36D3-40AD-A93D-B8F2C3FE743D}.Release|Any CPU.Build.0 = Release|Any CPU
		{8EBF9400-36D3-40AD-A93D-B8F2C3FE743D}.Release|x64.ActiveCfg = Release|Any CPU
		{8EBF9400-36D3-40AD-A93D-B8F2C3FE743D}.Release|x64.Build.0 = Release|Any CPU
		{8EBF9400-36D3-40AD-A93D-B8F2C3FE743D}.Release|x86.ActiveCfg = Release|Any CPU
		{8EBF9400-36D3-40AD-A93D-B8F2C3FE743D}.Release|x86.Build.0 = Release|Any CPU
	EndGlobalSection
	GlobalSection(SolutionProperties) = preSolution
		HideSolutionNode = FALSE
	EndGlobalSection
	GlobalSection(NestedProjects) = preSolution
		{7697E051-A12D-4706-B1F7-2AE396033FCC} = {1AE8ACA6-933B-BF2A-3671-3E2EAC007D16}
		{891CEBDD-1683-4573-A0FE-3E3BD57D3B6C} = {1AE8ACA6-933B-BF2A-3671-3E2EAC007D16}
		{DC853913-1269-45CF-B9EC-B33B9E759727} = {1AE8ACA6-933B-BF2A-3671-3E2EAC007D16}
		{8EBF9400-36D3-40AD-A93D-B8F2C3FE743D} = {1AE8ACA6-933B-BF2A-3671-3E2EAC007D16}
	EndGlobalSection
EndGlobal
